{
  "nodes": {
    "golang-shared-configs": {
      "inputs": {
        "nixpkgs": "nixpkgs"
      },
      "locked": {
        "lastModified": 1771253838,
        "narHash": "sha256-wGne6cvlZH2xO8b2KmnlYnMJjPfe3kLW1xoe4twlAks=",
        "owner": "curtbushko",
        "repo": "golang-shared-configs",
        "rev": "dbe10447a6932dbdead5a8b28dbcf9f58ad9f6ea",
        "type": "github"
      },
      "original": {
        "owner": "curtbushko",
        "repo": "golang-shared-configs",
        "type": "github"
      }
    },
    "nixpkgs": {
      "locked": {
        "lastModified": 1770169770,
        "narHash": "sha256-awR8qIwJxJJiOmcEGgP2KUqYmHG4v/z8XpL9z8FnT1A=",
        "owner": "NixOS",
        "repo": "nixpkgs",
        "rev": "aa290c9891fa4ebe88f8889e59633d20cc06a5f2",
        "type": "github"
      },
      "original": {
        "owner": "NixOS",
        "ref": "nixpkgs-unstable",
        "repo": "nixpkgs",
        "type": "github"
      }
    },
    "nixpkgs_2": {
      "locked": {
        "lastModified": 1771923393,
        "narHash": "sha256-Fy0+UXELv9hOE8WjYhJt8fMDLYTU2Dqn3cX4BwoGBos=",
        "owner": "NixOS",
        "repo": "nixpkgs",
        "rev": "ea7f1f06811ce7fcc81d6c6fd4213150c23edcf2",
        "type": "github"
      },
      "original": {
        "owner": "NixOS",
        "ref": "nixpkgs-unstable",
        "repo": "nixpkgs",
        "type": "github"
      }
    },
    "root": {
      "inputs": {
        "golang-shared-configs": "golang-shared-configs",
        "nixpkgs": "nixpkgs_2"
      }
    }
  },
  "root": "root",
  "version": 7
}
